
Microsoft Visual Studio Solution File, Format Version 12.00
# Visual Studio Version 17
VisualStudioVersion = 17.7.33927.210
MinimumVisualStudioVersion = 10.0.40219.1
Project("{FAE04EC0-301F-11D3-BF4B-00C04F79EFBC}") = "DemoApp_On_Github", "DemoApp_On_Github\DemoApp_On_Github.csproj", "{68E5252C-27D4-4E65-ACCC-0D18AF415D9E}"
EndProject
Global
	GlobalSection(SolutionConfigurationPlatforms) = preSolution
		Debug|Any CPU = Debug|Any CPU
		Release|Any CPU = Release|Any CPU
	EndGlobalSection
	GlobalSection(ProjectConfigurationPlatforms) = postSolution
		{68E5252C-27D4-4E65-ACCC-0D18AF415D9E}.Debug|Any CPU.ActiveCfg = Debug|Any CPU
		{68E5252C-27D4-4E65-ACCC-0D18AF415D9E}.Debug|Any CPU.Build.0 = Debug|Any CPU
		{68E5252C-27D4-4E65-ACCC-0D18AF415D9E}.Release|Any CPU.ActiveCfg = Release|Any CPU
		{68E5252C-27D4-4E65-ACCC-0D18AF415D9E}.Release|Any CPU.Build.0 = Release|Any CPU
	EndGlobalSection
	GlobalSection(SolutionProperties) = preSolution
		HideSolutionNode = FALSE
	EndGlobalSection
	GlobalSection(ExtensibilityGlobals) = postSolution
		SolutionGuid = {F807306C-7639-4EA3-894F-A577FE5D3EF1}
	EndGlobalSection
EndGlobal
